{
  "name": "worker",
  "version": "1.0.0",
  "lockfileVersion": 2,
  "requires": true,
  "packages": {
    "": {
      "version": "1.0.0",
      "license": "MIT",
      "dependencies": {
        "@sagi.io/workers-slack": "^0.0.36"
      },
      "devDependencies": {
        "prettier": "^1.18.2"
      }
    },
    "node_modules/@sagi.io/globalthis": {
      "version": "0.0.2",
      "resolved": "https://registry.npmjs.org/@sagi.io/globalthis/-/globalthis-0.0.2.tgz",
      "integrity": "sha512-sazB1BcX8IK5UxDgEEd0J1bPB0rwH0k725nYva6ofBhvNX8lMytuRf3mlkTkytNHKTi4EGxBOY+YAD3PkeEtlA=="
    },
    "node_modules/@sagi.io/workers-slack": {
      "version": "0.0.36",
      "resolved": "https://registry.npmjs.org/@sagi.io/workers-slack/-/workers-slack-0.0.36.tgz",
      "integrity": "sha512-uVP4Vl3LgC1u/CEc6+rEp8NvsfKuRU4O+E4dJCNUkiizfvMTS2oAYo4+TtL1kmFegYGmO+Ua813oa7lrE8ykLA==",
      "dependencies": {
        "@sagi.io/globalthis": "^0.0.2",
        "lodash.merge": "^4.6.1"
      }
    },
    "node_modules/lodash.merge": {
      "version": "4.6.2",
      "resolved": "https://registry.npmjs.org/lodash.merge/-/lodash.merge-4.6.2.tgz",
      "integrity": "sha512-0KpjqXRVvrYyCsX1swR/XTK0va6VQkQM6MNo7PqW77ByjAhoARA8EfrP1N4+KlKj8YS0ZUCtRT/YUuhyYDujIQ=="
    },
    "node_modules/prettier": {
      "version": "1.19.1",
      "resolved": "https://registry.npmjs.org/prettier/-/prettier-1.19.1.tgz",
      "integrity": "sha512-s7PoyDv/II1ObgQunCbB9PdLmUcBZcnWOcxDh7O0N/UwDEsHyqkW+Qh28jW+mVuCdx7gLB0BotYI1Y6uI9iyew==",
      "dev": true,
      "bin": {
        "prettier": "bin-prettier.js"
      },
      "engines": {
        "node": ">=4"
      }
    }
  },
  "dependencies": {
    "@sagi.io/globalthis": {
      "version": "0.0.2",
      "resolved": "https://registry.npmjs.org/@sagi.io/globalthis/-/globalthis-0.0.2.tgz",
      "integrity": "sha512-sazB1BcX8IK5UxDgEEd0J1bPB0rwH0k725nYva6ofBhvNX8lMytuRf3mlkTkytNHKTi4EGxBOY+YAD3PkeEtlA=="
    },
    "@sagi.io/workers-slack": {
      "version": "0.0.36",
      "resolved": "https://registry.npmjs.org/@sagi.io/workers-slack/-/workers-slack-0.0.36.tgz",
      "integrity": "sha512-uVP4Vl3LgC1u/CEc6+rEp8NvsfKuRU4O+E4dJCNUkiizfvMTS2oAYo4+TtL1kmFegYGmO+Ua813oa7lrE8ykLA==",
      "requires": {
        "@sagi.io/globalthis": "^0.0.2",
        "lodash.merge": "^4.6.1"
      }
    },
    "lodash.merge": {
      "version": "4.6.2",
      "resolved": "https://registry.npmjs.org/lodash.merge/-/lodash.merge-4.6.2.tgz",
      "integrity": "sha512-0KpjqXRVvrYyCsX1swR/XTK0va6VQkQM6MNo7PqW77ByjAhoARA8EfrP1N4+KlKj8YS0ZUCtRT/YUuhyYDujIQ=="
    },
    "prettier": {
      "version": "1.19.1",
      "resolved": "https://registry.npmjs.org/prettier/-/prettier-1.19.1.tgz",
      "integrity": "sha512-s7PoyDv/II1ObgQunCbB9PdLmUcBZcnWOcxDh7O0N/UwDEsHyqkW+Qh28jW+mVuCdx7gLB0BotYI1Y6uI9iyew==",
      "dev": true
    }
  }
}
